{
  "name": "breeze-odata4",
  "version": "0.9.10",
  "lockfileVersion": 1,
  "dependencies": {
    "breeze-client": {
      "version": "https://registry.npmjs.org/breeze-client/-/breeze-client-1.6.3.tgz",
      "integrity": "sha1-KWO+a10+cwm+0/zhf/RsLHsbFVw="
    },
    "ts-odatajs": {
      "version": "https://registry.npmjs.org/ts-odatajs/-/ts-odatajs-4.0.2.tgz",
      "integrity": "sha1-3m+NU3qt0C9zino6wzniLZelMZ8="
    },
    "typescript": {
      "version": "2.3.4",
      "resolved": "https://registry.npmjs.org/typescript/-/typescript-2.3.4.tgz",
      "integrity": "sha1-PTgyGCgjHkNPKHUUlZw3qCtin0I=",
      "dev": true
    }
  }
}
